
Microsoft Visual Studio Solution File, Format Version 12.00
# Visual Studio Version 17
VisualStudioVersion = 17.2.32630.192
MinimumVisualStudioVersion = 10.0.40219.1
Project("{9A19103F-16F7-4668-BE54-9A1E7A4F7556}") = "R5T.F0049", "R5T.F0049\R5T.F0049.csproj", "{54CE6AC9-2F6A-441A-8773-F030EEE3B4C2}"
EndProject
Project("{2150E333-8FDC-42A3-9474-1A3956D46DE8}") = "_Dependencies", "_Dependencies", "{CC9C8380-186A-4E9C-9D38-54A44DAC0260}"
EndProject
Project("{9A19103F-16F7-4668-BE54-9A1E7A4F7556}") = "R5T.T0132", "..\..\R5T.T0132\source\R5T.T0132\R5T.T0132.csproj", "{EFD63667-0213-4338-8680-105C6BEFE28C}"
EndProject
Project("{9A19103F-16F7-4668-BE54-9A1E7A4F7556}") = "R5T.NG0006", "..\..\R5T.NG0006\source\R5T.NG0006\R5T.NG0006.csproj", "{2E8B7944-B3BD-4540-A343-267347459396}"
EndProject
Project("{9A19103F-16F7-4668-BE54-9A1E7A4F7556}") = "R5T.F0050", "..\..\R5T.F0050\source\R5T.F0050\R5T.F0050.csproj", "{969228B2-112C-4EAC-B290-311624AF74C9}"
EndProject
Project("{9A19103F-16F7-4668-BE54-9A1E7A4F7556}") = "R5T.F0024", "..\..\R5T.F0024\source\R5T.F0024\R5T.F0024.csproj", "{37E3ED66-F9B4-4CDD-B19F-097010E6D91F}"
EndProject
Project("{9A19103F-16F7-4668-BE54-9A1E7A4F7556}") = "R5T.F0000", "..\..\R5T.F0000\source\R5T.F0000\R5T.F0000.csproj", "{01A4C9FD-63B7-488E-9E4B-0B419D2F8901}"
EndProject
Project("{9A19103F-16F7-4668-BE54-9A1E7A4F7556}") = "R5T.T0143", "..\..\R5T.T0143\source\R5T.T0143\R5T.T0143.csproj", "{08CE7F21-F362-40C2-8062-6DBB597B1A32}"
EndProject
Project("{9A19103F-16F7-4668-BE54-9A1E7A4F7556}") = "R5T.T0142", "..\..\R5T.T0142\source\R5T.T0142\R5T.T0142.csproj", "{23DB7F7D-1B68-443B-A533-907AEDE818BB}"
EndProject
Project("{9A19103F-16F7-4668-BE54-9A1E7A4F7556}") = "R5T.Z0000", "..\..\R5T.Z0000\source\R5T.Z0000\R5T.Z0000.csproj", "{42049FD6-E596-4685-87EE-B0DCF2BB9DD6}"
EndProject
Project("{9A19103F-16F7-4668-BE54-9A1E7A4F7556}") = "R5T.T0131", "..\..\R5T.T0131\source\R5T.T0131\R5T.T0131.csproj", "{98181057-5731-47F4-BCE6-CAE380C8CB58}"
EndProject
Project("{9A19103F-16F7-4668-BE54-9A1E7A4F7556}") = "R5T.Y0000", "..\..\R5T.Y0000\source\R5T.Y0000\R5T.Y0000.csproj", "{20498E4B-3A98-490A-91A2-7D0AF873C1A2}"
EndProject
Project("{9A19103F-16F7-4668-BE54-9A1E7A4F7556}") = "R5T.F0002", "..\..\R5T.F0002\source\R5T.F0002\R5T.F0002.csproj", "{481AE749-C839-467D-B6A5-FF8263BDCC85}"
EndProject
Project("{9A19103F-16F7-4668-BE54-9A1E7A4F7556}") = "R5T.Z0009", "..\..\R5T.Z0009\source\R5T.Z0009\R5T.Z0009.csproj", "{A74C3DAC-2D80-4C40-AFF2-6E5212654AEB}"
EndProject
Project("{9A19103F-16F7-4668-BE54-9A1E7A4F7556}") = "R5T.F0024.T001", "..\..\R5T.F0024\source\R5T.F0024.T001\R5T.F0024.T001.csproj", "{BB70B902-FBB9-4188-89A0-DCA60F7A1690}"
EndProject
Project("{9A19103F-16F7-4668-BE54-9A1E7A4F7556}") = "R5T.F0051", "..\..\R5T.F0051\source\R5T.F0051\R5T.F0051.csproj", "{BCD841F5-D67A-4B8C-B77D-D184E8CDA275}"
EndProject
Project("{9A19103F-16F7-4668-BE54-9A1E7A4F7556}") = "R5T.F0020", "..\..\R5T.F0020\source\R5T.F0020\R5T.F0020.csproj", "{5C8B7128-C689-44D4-BFD1-C7A040AC2738}"
EndProject
Project("{9A19103F-16F7-4668-BE54-9A1E7A4F7556}") = "R5T.F0040.F000", "..\..\R5T.F0040\source\R5T.F0040.F000\R5T.F0040.F000.csproj", "{A86F2546-39EA-4F72-869E-D24D6C390603}"
EndProject
Project("{9A19103F-16F7-4668-BE54-9A1E7A4F7556}") = "R5T.F0052", "..\..\R5T.F0052\source\R5T.F0052\R5T.F0052.csproj", "{517BA52B-811C-4667-A4B3-E1D759835C68}"
EndProject
Project("{9A19103F-16F7-4668-BE54-9A1E7A4F7556}") = "R5T.F0053", "..\..\R5T.F0053\source\R5T.F0053\R5T.F0053.csproj", "{F0D41A95-A63D-4AD9-8CD6-B675801AD3B3}"
EndProject
Project("{9A19103F-16F7-4668-BE54-9A1E7A4F7556}") = "R5T.F0054", "..\..\R5T.F0054\source\R5T.F0054\R5T.F0054.csproj", "{C3CE305C-B999-4A1A-AE18-65EBD1B1CA90}"
EndProject
Global
	GlobalSection(SolutionConfigurationPlatforms) = preSolution
		Debug|Any CPU = Debug|Any CPU
		Release|Any CPU = Release|Any CPU
	EndGlobalSection
	GlobalSection(ProjectConfigurationPlatforms) = postSolution
		{54CE6AC9-2F6A-441A-8773-F030EEE3B4C2}.Debug|Any CPU.ActiveCfg = Debug|Any CPU
		{54CE6AC9-2F6A-441A-8773-F030EEE3B4C2}.Debug|Any CPU.Build.0 = Debug|Any CPU
		{54CE6AC9-2F6A-441A-8773-F030EEE3B4C2}.Release|Any CPU.ActiveCfg = Release|Any CPU
		{54CE6AC9-2F6A-441A-8773-F030EEE3B4C2}.Release|Any CPU.Build.0 = Release|Any CPU
		{EFD63667-0213-4338-8680-105C6BEFE28C}.Debug|Any CPU.ActiveCfg = Debug|Any CPU
		{EFD63667-0213-4338-8680-105C6BEFE28C}.Debug|Any CPU.Build.0 = Debug|Any CPU
		{EFD63667-0213-4338-8680-105C6BEFE28C}.Release|Any CPU.ActiveCfg = Release|Any CPU
		{EFD63667-0213-4338-8680-105C6BEFE28C}.Release|Any CPU.Build.0 = Release|Any CPU
		{2E8B7944-B3BD-4540-A343-267347459396}.Debug|Any CPU.ActiveCfg = Debug|Any CPU
		{2E8B7944-B3BD-4540-A343-267347459396}.Debug|Any CPU.Build.0 = Debug|Any CPU
		{2E8B7944-B3BD-4540-A343-267347459396}.Release|Any CPU.ActiveCfg = Release|Any CPU
		{2E8B7944-B3BD-4540-A343-267347459396}.Release|Any CPU.Build.0 = Release|Any CPU
		{969228B2-112C-4EAC-B290-311624AF74C9}.Debug|Any CPU.ActiveCfg = Debug|Any CPU
		{969228B2-112C-4EAC-B290-311624AF74C9}.Debug|Any CPU.Build.0 = Debug|Any CPU
		{969228B2-112C-4EAC-B290-311624AF74C9}.Release|Any CPU.ActiveCfg = Release|Any CPU
		{969228B2-112C-4EAC-B290-311624AF74C9}.Release|Any CPU.Build.0 = Release|Any CPU
		{37E3ED66-F9B4-4CDD-B19F-097010E6D91F}.Debug|Any CPU.ActiveCfg = Debug|Any CPU
		{37E3ED66-F9B4-4CDD-B19F-097010E6D91F}.Debug|Any CPU.Build.0 = Debug|Any CPU
		{37E3ED66-F9B4-4CDD-B19F-097010E6D91F}.Release|Any CPU.ActiveCfg = Release|Any CPU
		{37E3ED66-F9B4-4CDD-B19F-097010E6D91F}.Release|Any CPU.Build.0 = Release|Any CPU
		{01A4C9FD-63B7-488E-9E4B-0B419D2F8901}.Debug|Any CPU.ActiveCfg = Debug|Any CPU
		{01A4C9FD-63B7-488E-9E4B-0B419D2F8901}.Debug|Any CPU.Build.0 = Debug|Any CPU
		{01A4C9FD-63B7-488E-9E4B-0B419D2F8901}.Release|Any CPU.ActiveCfg = Release|Any CPU
		{01A4C9FD-63B7-488E-9E4B-0B419D2F8901}.Release|Any CPU.Build.0 = Release|Any CPU
		{08CE7F21-F362-40C2-8062-6DBB597B1A32}.Debug|Any CPU.ActiveCfg = Debug|Any CPU
		{08CE7F21-F362-40C2-8062-6DBB597B1A32}.Debug|Any CPU.Build.0 = Debug|Any CPU
		{08CE7F21-F362-40C2-8062-6DBB597B1A32}.Release|Any CPU.ActiveCfg = Release|Any CPU
		{08CE7F21-F362-40C2-8062-6DBB597B1A32}.Release|Any CPU.Build.0 = Release|Any CPU
		{23DB7F7D-1B68-443B-A533-907AEDE818BB}.Debug|Any CPU.ActiveCfg = Debug|Any CPU
		{23DB7F7D-1B68-443B-A533-907AEDE818BB}.Debug|Any CPU.Build.0 = Debug|Any CPU
		{23DB7F7D-1B68-443B-A533-907AEDE818BB}.Release|Any CPU.ActiveCfg = Release|Any CPU
		{23DB7F7D-1B68-443B-A533-907AEDE818BB}.Release|Any CPU.Build.0 = Release|Any CPU
		{42049FD6-E596-4685-87EE-B0DCF2BB9DD6}.Debug|Any CPU.ActiveCfg = Debug|Any CPU
		{42049FD6-E596-4685-87EE-B0DCF2BB9DD6}.Debug|Any CPU.Build.0 = Debug|Any CPU
		{42049FD6-E596-4685-87EE-B0DCF2BB9DD6}.Release|Any CPU.ActiveCfg = Release|Any CPU
		{42049FD6-E596-4685-87EE-B0DCF2BB9DD6}.Release|Any CPU.Build.0 = Release|Any CPU
		{98181057-5731-47F4-BCE6-CAE380C8CB58}.Debug|Any CPU.ActiveCfg = Debug|Any CPU
		{98181057-5731-47F4-BCE6-CAE380C8CB58}.Debug|Any CPU.Build.0 = Debug|Any CPU
		{98181057-5731-47F4-BCE6-CAE380C8CB58}.Release|Any CPU.ActiveCfg = Release|Any CPU
		{98181057-5731-47F4-BCE6-CAE380C8CB58}.Release|Any CPU.Build.0 = Release|Any CPU
		{20498E4B-3A98-490A-91A2-7D0AF873C1A2}.Debug|Any CPU.ActiveCfg = Debug|Any CPU
		{20498E4B-3A98-490A-91A2-7D0AF873C1A2}.Debug|Any CPU.Build.0 = Debug|Any CPU
		{20498E4B-3A98-490A-91A2-7D0AF873C1A2}.Release|Any CPU.ActiveCfg = Release|Any CPU
		{20498E4B-3A98-490A-91A2-7D0AF873C1A2}.Release|Any CPU.Build.0 = Release|Any CPU
		{481AE749-C839-467D-B6A5-FF8263BDCC85}.Debug|Any CPU.ActiveCfg = Debug|Any CPU
		{481AE749-C839-467D-B6A5-FF8263BDCC85}.Debug|Any CPU.Build.0 = Debug|Any CPU
		{481AE749-C839-467D-B6A5-FF8263BDCC85}.Release|Any CPU.ActiveCfg = Release|Any CPU
		{481AE749-C839-467D-B6A5-FF8263BDCC85}.Release|Any CPU.Build.0 = Release|Any CPU
		{A74C3DAC-2D80-4C40-AFF2-6E5212654AEB}.Debug|Any CPU.ActiveCfg = Debug|Any CPU
		{A74C3DAC-2D80-4C40-AFF2-6E5212654AEB}.Debug|Any CPU.Build.0 = Debug|Any CPU
		{A74C3DAC-2D80-4C40-AFF2-6E5212654AEB}.Release|Any CPU.ActiveCfg = Release|Any CPU
		{A74C3DAC-2D80-4C40-AFF2-6E5212654AEB}.Release|Any CPU.Build.0 = Release|Any CPU
		{BB70B902-FBB9-4188-89A0-DCA60F7A1690}.Debug|Any CPU.ActiveCfg = Debug|Any CPU
		{BB70B902-FBB9-4188-89A0-DCA60F7A1690}.Debug|Any CPU.Build.0 = Debug|Any CPU
		{BB70B902-FBB9-4188-89A0-DCA60F7A1690}.Release|Any CPU.ActiveCfg = Release|Any CPU
		{BB70B902-FBB9-4188-89A0-DCA60F7A1690}.Release|Any CPU.Build.0 = Release|Any CPU
		{BCD841F5-D67A-4B8C-B77D-D184E8CDA275}.Debug|Any CPU.ActiveCfg = Debug|Any CPU
		{BCD841F5-D67A-4B8C-B77D-D184E8CDA275}.Debug|Any CPU.Build.0 = Debug|Any CPU
		{BCD841F5-D67A-4B8C-B77D-D184E8CDA275}.Release|Any CPU.ActiveCfg = Release|Any CPU
		{BCD841F5-D67A-4B8C-B77D-D184E8CDA275}.Release|Any CPU.Build.0 = Release|Any CPU
		{5C8B7128-C689-44D4-BFD1-C7A040AC2738}.Debug|Any CPU.ActiveCfg = Debug|Any CPU
		{5C8B7128-C689-44D4-BFD1-C7A040AC2738}.Debug|Any CPU.Build.0 = Debug|Any CPU
		{5C8B7128-C689-44D4-BFD1-C7A040AC2738}.Release|Any CPU.ActiveCfg = Release|Any CPU
		{5C8B7128-C689-44D4-BFD1-C7A040AC2738}.Release|Any CPU.Build.0 = Release|Any CPU
		{A86F2546-39EA-4F72-869E-D24D6C390603}.Debug|Any CPU.ActiveCfg = Debug|Any CPU
		{A86F2546-39EA-4F72-869E-D24D6C390603}.Debug|Any CPU.Build.0 = Debug|Any CPU
		{A86F2546-39EA-4F72-869E-D24D6C390603}.Release|Any CPU.ActiveCfg = Release|Any CPU
		{A86F2546-39EA-4F72-869E-D24D6C390603}.Release|Any CPU.Build.0 = Release|Any CPU
		{517BA52B-811C-4667-A4B3-E1D759835C68}.Debug|Any CPU.ActiveCfg = Debug|Any CPU
		{517BA52B-811C-4667-A4B3-E1D759835C68}.Debug|Any CPU.Build.0 = Debug|Any CPU
		{517BA52B-811C-4667-A4B3-E1D759835C68}.Release|Any CPU.ActiveCfg = Release|Any CPU
		{517BA52B-811C-4667-A4B3-E1D759835C68}.Release|Any CPU.Build.0 = Release|Any CPU
		{F0D41A95-A63D-4AD9-8CD6-B675801AD3B3}.Debug|Any CPU.ActiveCfg = Debug|Any CPU
		{F0D41A95-A63D-4AD9-8CD6-B675801AD3B3}.Debug|Any CPU.Build.0 = Debug|Any CPU
		{F0D41A95-A63D-4AD9-8CD6-B675801AD3B3}.Release|Any CPU.ActiveCfg = Release|Any CPU
		{F0D41A95-A63D-4AD9-8CD6-B675801AD3B3}.Release|Any CPU.Build.0 = Release|Any CPU
		{C3CE305C-B999-4A1A-AE18-65EBD1B1CA90}.Debug|Any CPU.ActiveCfg = Debug|Any CPU
		{C3CE305C-B999-4A1A-AE18-65EBD1B1CA90}.Debug|Any CPU.Build.0 = Debug|Any CPU
		{C3CE305C-B999-4A1A-AE18-65EBD1B1CA90}.Release|Any CPU.ActiveCfg = Release|Any CPU
		{C3CE305C-B999-4A1A-AE18-65EBD1B1CA90}.Release|Any CPU.Build.0 = Release|Any CPU
	EndGlobalSection
	GlobalSection(SolutionProperties) = preSolution
		HideSolutionNode = FALSE
	EndGlobalSection
	GlobalSection(NestedProjects) = preSolution
		{EFD63667-0213-4338-8680-105C6BEFE28C} = {CC9C8380-186A-4E9C-9D38-54A44DAC0260}
		{2E8B7944-B3BD-4540-A343-267347459396} = {CC9C8380-186A-4E9C-9D38-54A44DAC0260}
		{969228B2-112C-4EAC-B290-311624AF74C9} = {CC9C8380-186A-4E9C-9D38-54A44DAC0260}
		{37E3ED66-F9B4-4CDD-B19F-097010E6D91F} = {CC9C8380-186A-4E9C-9D38-54A44DAC0260}
		{01A4C9FD-63B7-488E-9E4B-0B419D2F8901} = {CC9C8380-186A-4E9C-9D38-54A44DAC0260}
		{08CE7F21-F362-40C2-8062-6DBB597B1A32} = {CC9C8380-186A-4E9C-9D38-54A44DAC0260}
		{23DB7F7D-1B68-443B-A533-907AEDE818BB} = {CC9C8380-186A-4E9C-9D38-54A44DAC0260}
		{42049FD6-E596-4685-87EE-B0DCF2BB9DD6} = {CC9C8380-186A-4E9C-9D38-54A44DAC0260}
		{98181057-5731-47F4-BCE6-CAE380C8CB58} = {CC9C8380-186A-4E9C-9D38-54A44DAC0260}
		{20498E4B-3A98-490A-91A2-7D0AF873C1A2} = {CC9C8380-186A-4E9C-9D38-54A44DAC0260}
		{481AE749-C839-467D-B6A5-FF8263BDCC85} = {CC9C8380-186A-4E9C-9D38-54A44DAC0260}
		{A74C3DAC-2D80-4C40-AFF2-6E5212654AEB} = {CC9C8380-186A-4E9C-9D38-54A44DAC0260}
		{BB70B902-FBB9-4188-89A0-DCA60F7A1690} = {CC9C8380-186A-4E9C-9D38-54A44DAC0260}
		{BCD841F5-D67A-4B8C-B77D-D184E8CDA275} = {CC9C8380-186A-4E9C-9D38-54A44DAC0260}
		{5C8B7128-C689-44D4-BFD1-C7A040AC2738} = {CC9C8380-186A-4E9C-9D38-54A44DAC0260}
		{A86F2546-39EA-4F72-869E-D24D6C390603} = {CC9C8380-186A-4E9C-9D38-54A44DAC0260}
		{517BA52B-811C-4667-A4B3-E1D759835C68} = {CC9C8380-186A-4E9C-9D38-54A44DAC0260}
		{F0D41A95-A63D-4AD9-8CD6-B675801AD3B3} = {CC9C8380-186A-4E9C-9D38-54A44DAC0260}
		{C3CE305C-B999-4A1A-AE18-65EBD1B1CA90} = {CC9C8380-186A-4E9C-9D38-54A44DAC0260}
	EndGlobalSection
	GlobalSection(ExtensibilityGlobals) = postSolution
		SolutionGuid = {A83F1342-AD32-4CFD-9454-5D6C4D275FA6}
	EndGlobalSection
EndGlobal
